
Microsoft Visual Studio Solution File, Format Version 12.00
# Visual Studio 15
VisualStudioVersion = 15.0.26403.7
MinimumVisualStudioVersion = 10.0.40219.1
Project("{FAE04EC0-301F-11D3-BF4B-00C04F79EFBC}") = "SampleClientWebForm", "SampleClientWebForm\SampleClientWebForm.csproj", "{8CA7EDA1-2F2D-4793-B370-806F16F6DD0D}"
EndProject
Global
	GlobalSection(SolutionConfigurationPlatforms) = preSolution
		Debug|Any CPU = Debug|Any CPU
		Release|Any CPU = Release|Any CPU
	EndGlobalSection
	GlobalSection(ProjectConfigurationPlatforms) = postSolution
		{8CA7EDA1-2F2D-4793-B370-806F16F6DD0D}.Debug|Any CPU.ActiveCfg = Debug|Any CPU
		{8CA7EDA1-2F2D-4793-B370-806F16F6DD0D}.Debug|Any CPU.Build.0 = Debug|Any CPU
		{8CA7EDA1-2F2D-4793-B370-806F16F6DD0D}.Release|Any CPU.ActiveCfg = Release|Any CPU
		{8CA7EDA1-2F2D-4793-B370-806F16F6DD0D}.Release|Any CPU.Build.0 = Release|Any CPU
	EndGlobalSection
	GlobalSection(SolutionProperties) = preSolution
		HideSolutionNode = FALSE
	EndGlobalSection
EndGlobal
